
Microsoft Visual Studio Solution File, Format Version 12.00
# Visual Studio Version 17
VisualStudioVersion = 17.13.35931.197 d17.13
MinimumVisualStudioVersion = 10.0.40219.1
Project("{54A90642-561A-4BB1-A94E-469ADEE60C69}") = "morey", "morey.esproj", "{8BC19D36-BC19-66A5-E094-17729D49CE32}"
EndProject
Global
	GlobalSection(SolutionConfigurationPlatforms) = preSolution
		Debug|Any CPU = Debug|Any CPU
		Release|Any CPU = Release|Any CPU
	EndGlobalSection
	GlobalSection(ProjectConfigurationPlatforms) = postSolution
		{8BC19D36-BC19-66A5-E094-17729D49CE32}.Debug|Any CPU.ActiveCfg = Debug|Any CPU
		{8BC19D36-BC19-66A5-E094-17729D49CE32}.Debug|Any CPU.Build.0 = Debug|Any CPU
		{8BC19D36-BC19-66A5-E094-17729D49CE32}.Debug|Any CPU.Deploy.0 = Debug|Any CPU
		{8BC19D36-BC19-66A5-E094-17729D49CE32}.Release|Any CPU.ActiveCfg = Release|Any CPU
		{8BC19D36-BC19-66A5-E094-17729D49CE32}.Release|Any CPU.Build.0 = Release|Any CPU
		{8BC19D36-BC19-66A5-E094-17729D49CE32}.Release|Any CPU.Deploy.0 = Release|Any CPU
	EndGlobalSection
	GlobalSection(SolutionProperties) = preSolution
		HideSolutionNode = FALSE
	EndGlobalSection
	GlobalSection(ExtensibilityGlobals) = postSolution
		SolutionGuid = {6603CD63-BEE9-4E4F-A86F-2B704556FCAC}
	EndGlobalSection
EndGlobal
